// !$*UTF8*$!
{
	archiveVersion = 1;
	classes = {
	};
	objectVersion = 46;
	objects = {

/* Begin PBXBuildFile section */
		794799831303615F0010388F /* UIKit.framework in Frameworks */ = {isa = PBXBuildFile; fileRef = 794799821303615F0010388F /* UIKit.framework */; };
		794799851303615F0010388F /* Foundation.framework in Frameworks */ = {isa = PBXBuildFile; fileRef = 794799841303615F0010388F /* Foundation.framework */; };
		794799871303615F0010388F /* CoreGraphics.framework in Frameworks */ = {isa = PBXBuildFile; fileRef = 794799861303615F0010388F /* CoreGraphics.framework */; };
		794799891303615F0010388F /* CoreData.framework in Frameworks */ = {isa = PBXBuildFile; fileRef = 794799881303615F0010388F /* CoreData.framework */; };
		794799AD130361600010388F /* UIKit.framework in Frameworks */ = {isa = PBXBuildFile; fileRef = 794799821303615F0010388F /* UIKit.framework */; };
		794799AE130361600010388F /* Foundation.framework in Frameworks */ = {isa = PBXBuildFile; fileRef = 794799841303615F0010388F /* Foundation.framework */; };
		794799AF130361600010388F /* CoreGraphics.framework in Frameworks */ = {isa = PBXBuildFile; fileRef = 794799861303615F0010388F /* CoreGraphics.framework */; };
		794799B0130361600010388F /* CoreData.framework in Frameworks */ = {isa = PBXBuildFile; fileRef = 794799881303615F0010388F /* CoreData.framework */; };
		794799B8130361600010388F /* InfoPlist.strings in Resources */ = {isa = PBXBuildFile; fileRef = 794799B6130361600010388F /* InfoPlist.strings */; };
		794799BB130361600010388F /* BfoxRefTests.h in Resources */ = {isa = PBXBuildFile; fileRef = 794799BA130361600010388F /* BfoxRefTests.h */; };
		794799BD130361600010388F /* BfoxRefTests.m in Sources */ = {isa = PBXBuildFile; fileRef = 794799BC130361600010388F /* BfoxRefTests.m */; };
		794799E4130361EB0010388F /* BfoxRef.xcdatamodeld in Sources */ = {isa = PBXBuildFile; fileRef = 794799D2130361EB0010388F /* BfoxRef.xcdatamodeld */; };
		794799E5130361EB0010388F /* BfoxRefAppDelegate.m in Sources */ = {isa = PBXBuildFile; fileRef = 794799D5130361EB0010388F /* BfoxRefAppDelegate.m */; };
		794799E6130361EB0010388F /* InfoPlist.strings in Resources */ = {isa = PBXBuildFile; fileRef = 794799D6130361EB0010388F /* InfoPlist.strings */; };
		794799E7130361EB0010388F /* BfoxRefAppDelegate_iPad.m in Sources */ = {isa = PBXBuildFile; fileRef = 794799DA130361EB0010388F /* BfoxRefAppDelegate_iPad.m */; };
		794799E8130361EB0010388F /* MainWindow_iPad.xib in Resources */ = {isa = PBXBuildFile; fileRef = 794799DB130361EB0010388F /* MainWindow_iPad.xib */; };
		794799E9130361EB0010388F /* BfoxRefAppDelegate_iPhone.m in Sources */ = {isa = PBXBuildFile; fileRef = 794799DF130361EB0010388F /* BfoxRefAppDelegate_iPhone.m */; };
		794799EA130361EB0010388F /* MainWindow_iPhone.xib in Resources */ = {isa = PBXBuildFile; fileRef = 794799E0130361EB0010388F /* MainWindow_iPhone.xib */; };
		794799EB130361EB0010388F /* main.m in Sources */ = {isa = PBXBuildFile; fileRef = 794799E2130361EB0010388F /* main.m */; };
		79479A22130362DA0010388F /* BfoxRef.mm in Sources */ = {isa = PBXBuildFile; fileRef = 794799FE130362DA0010388F /* BfoxRef.mm */; };
		79479A23130362DA0010388F /* BfoxRefParser.mm in Sources */ = {isa = PBXBuildFile; fileRef = 79479A00130362DA0010388F /* BfoxRefParser.mm */; };
		79479A24130362DA0010388F /* BfoxRefParseResult.m in Sources */ = {isa = PBXBuildFile; fileRef = 79479A02130362DA0010388F /* BfoxRefParseResult.m */; };
		79479A25130362DA0010388F /* BfoxVerseList.mm in Sources */ = {isa = PBXBuildFile; fileRef = 79479A04130362DA0010388F /* BfoxVerseList.mm */; };
		79479A26130362DA0010388F /* bfox_range_list.cpp in Sources */ = {isa = PBXBuildFile; fileRef = 79479A08130362DA0010388F /* bfox_range_list.cpp */; };
		79479A27130362DA0010388F /* bfox_verse_list.cpp in Sources */ = {isa = PBXBuildFile; fileRef = 79479A0A130362DA0010388F /* bfox_verse_list.cpp */; };
		79479A28130362DA0010388F /* BfoxBookNamesDefault.strings in Resources */ = {isa = PBXBuildFile; fileRef = 79479A0C130362DA0010388F /* BfoxBookNamesDefault.strings */; };
		79479A29130362DA0010388F /* BfoxBookNamesShort.strings in Resources */ = {isa = PBXBuildFile; fileRef = 79479A0E130362DA0010388F /* BfoxBookNamesShort.strings */; };
		79479A2A130362DA0010388F /* BfoxBookRegexes.strings in Resources */ = {isa = PBXBuildFile; fileRef = 79479A10130362DA0010388F /* BfoxBookRegexes.strings */; };
		79479A2B130362DA0010388F /* BfoxBookSynonymLookup.strings in Resources */ = {isa = PBXBuildFile; fileRef = 79479A12130362DA0010388F /* BfoxBookSynonymLookup.strings */; };
		79479A2C130362DA0010388F /* NSString+BfoxRef.m in Sources */ = {isa = PBXBuildFile; fileRef = 79479A15130362DA0010388F /* NSString+BfoxRef.m */; };
		79479A2D130362DA0010388F /* bible-meta.php in Resources */ = {isa = PBXBuildFile; fileRef = 79479A17130362DA0010388F /* bible-meta.php */; };
		79479A2E130362DA0010388F /* biblefox-ref.php in Resources */ = {isa = PBXBuildFile; fileRef = 79479A18130362DA0010388F /* biblefox-ref.php */; };
		79479A2F130362DA0010388F /* db-table.php in Resources */ = {isa = PBXBuildFile; fileRef = 79479A19130362DA0010388F /* db-table.php */; };
		79479A30130362DA0010388F /* parser.php in Resources */ = {isa = PBXBuildFile; fileRef = 79479A1A130362DA0010388F /* parser.php */; };
		79479A31130362DA0010388F /* sequences.php in Resources */ = {isa = PBXBuildFile; fileRef = 79479A1B130362DA0010388F /* sequences.php */; };
		79479A32130362DA0010388F /* create-book-meta.php in Resources */ = {isa = PBXBuildFile; fileRef = 79479A1D130362DA0010388F /* create-book-meta.php */; };
		79479A33130362DA0010388F /* create-book-regexes.php in Resources */ = {isa = PBXBuildFile; fileRef = 79479A1E130362DA0010388F /* create-book-regexes.php */; };
		79479A34130362DA0010388F /* create-synonym-lookup.php in Resources */ = {isa = PBXBuildFile; fileRef = 79479A1F130362DA0010388F /* create-synonym-lookup.php */; };
		79479A35130362DA0010388F /* meta.txt in Resources */ = {isa = PBXBuildFile; fileRef = 79479A20130362DA0010388F /* meta.txt */; };
		79479A36130362DA0010388F /* verse.php in Resources */ = {isa = PBXBuildFile; fileRef = 79479A21130362DA0010388F /* verse.php */; };
/* End PBXBuildFile section */

/* Begin PBXContainerItemProxy section */
		794799B1130361600010388F /* PBXContainerItemProxy */ = {
			isa = PBXContainerItemProxy;
			containerPortal = 794799751303615F0010388F /* Project object */;
			proxyType = 1;
			remoteGlobalIDString = 7947997D1303615F0010388F;
			remoteInfo = BfoxRef;
		};
/* End PBXContainerItemProxy section */

/* Begin PBXFileReference section */
		7947997E1303615F0010388F /* BfoxRef.app */ = {isa = PBXFileReference; explicitFileType = wrapper.application; includeInIndex = 0; path = BfoxRef.app; sourceTree = BUILT_PRODUCTS_DIR; };
		794799821303615F0010388F /* UIKit.framework */ = {isa = PBXFileReference; lastKnownFileType = wrapper.framework; name = UIKit.framework; path = System/Library/Frameworks/UIKit.framework; sourceTree = SDKROOT; };
		794799841303615F0010388F /* Foundation.framework */ = {isa = PBXFileReference; lastKnownFileType = wrapper.framework; name = Foundation.framework; path = System/Library/Frameworks/Foundation.framework; sourceTree = SDKROOT; };
		794799861303615F0010388F /* CoreGraphics.framework */ = {isa = PBXFileReference; lastKnownFileType = wrapper.framework; name = CoreGraphics.framework; path = System/Library/Frameworks/CoreGraphics.framework; sourceTree = SDKROOT; };
		794799881303615F0010388F /* CoreData.framework */ = {isa = PBXFileReference; lastKnownFileType = wrapper.framework; name = CoreData.framework; path = System/Library/Frameworks/CoreData.framework; sourceTree = SDKROOT; };
		794799AC130361600010388F /* BfoxRefTests.octest */ = {isa = PBXFileReference; explicitFileType = wrapper.cfbundle; includeInIndex = 0; path = BfoxRefTests.octest; sourceTree = BUILT_PRODUCTS_DIR; };
		794799B5130361600010388F /* BfoxRefTests-Info.plist */ = {isa = PBXFileReference; lastKnownFileType = text.plist.xml; path = "BfoxRefTests-Info.plist"; sourceTree = "<group>"; };
		794799B7130361600010388F /* en */ = {isa = PBXFileReference; lastKnownFileType = text.plist.strings; name = en; path = en.lproj/InfoPlist.strings; sourceTree = "<group>"; };
		794799B9130361600010388F /* BfoxRefTests-Prefix.pch */ = {isa = PBXFileReference; lastKnownFileType = sourcecode.c.h; path = "BfoxRefTests-Prefix.pch"; sourceTree = "<group>"; };
		794799BA130361600010388F /* BfoxRefTests.h */ = {isa = PBXFileReference; lastKnownFileType = sourcecode.c.h; path = BfoxRefTests.h; sourceTree = "<group>"; };
		794799BC130361600010388F /* BfoxRefTests.m */ = {isa = PBXFileReference; lastKnownFileType = sourcecode.c.objc; path = BfoxRefTests.m; sourceTree = "<group>"; };
		794799D0130361EB0010388F /* BfoxRef-Info.plist */ = {isa = PBXFileReference; fileEncoding = 4; lastKnownFileType = text.plist.xml; path = "BfoxRef-Info.plist"; sourceTree = "<group>"; };
		794799D1130361EB0010388F /* BfoxRef-Prefix.pch */ = {isa = PBXFileReference; fileEncoding = 4; lastKnownFileType = sourcecode.c.h; path = "BfoxRef-Prefix.pch"; sourceTree = "<group>"; };
		794799D3130361EB0010388F /* BfoxRef.xcdatamodel */ = {isa = PBXFileReference; lastKnownFileType = wrapper.xcdatamodel; path = BfoxRef.xcdatamodel; sourceTree = "<group>"; };
		794799D4130361EB0010388F /* BfoxRefAppDelegate.h */ = {isa = PBXFileReference; fileEncoding = 4; lastKnownFileType = sourcecode.c.h; path = BfoxRefAppDelegate.h; sourceTree = "<group>"; };
		794799D5130361EB0010388F /* BfoxRefAppDelegate.m */ = {isa = PBXFileReference; fileEncoding = 4; lastKnownFileType = sourcecode.c.objc; path = BfoxRefAppDelegate.m; sourceTree = "<group>"; };
		794799D7130361EB0010388F /* en */ = {isa = PBXFileReference; lastKnownFileType = text.plist.strings; name = en; path = en.lproj/InfoPlist.strings; sourceTree = "<group>"; };
		794799D9130361EB0010388F /* BfoxRefAppDelegate_iPad.h */ = {isa = PBXFileReference; fileEncoding = 4; lastKnownFileType = sourcecode.c.h; path = BfoxRefAppDelegate_iPad.h; sourceTree = "<group>"; };
		794799DA130361EB0010388F /* BfoxRefAppDelegate_iPad.m */ = {isa = PBXFileReference; fileEncoding = 4; lastKnownFileType = sourcecode.c.objc; path = BfoxRefAppDelegate_iPad.m; sourceTree = "<group>"; };
		794799DC130361EB0010388F /* en */ = {isa = PBXFileReference; lastKnownFileType = file.xib; name = en; path = en.lproj/MainWindow_iPad.xib; sourceTree = "<group>"; };
		794799DE130361EB0010388F /* BfoxRefAppDelegate_iPhone.h */ = {isa = PBXFileReference; fileEncoding = 4; lastKnownFileType = sourcecode.c.h; path = BfoxRefAppDelegate_iPhone.h; sourceTree = "<group>"; };
		794799DF130361EB0010388F /* BfoxRefAppDelegate_iPhone.m */ = {isa = PBXFileReference; fileEncoding = 4; lastKnownFileType = sourcecode.c.objc; path = BfoxRefAppDelegate_iPhone.m; sourceTree = "<group>"; };
		794799E1130361EB0010388F /* en */ = {isa = PBXFileReference; lastKnownFileType = file.xib; name = en; path = en.lproj/MainWindow_iPhone.xib; sourceTree = "<group>"; };
		794799E2130361EB0010388F /* main.m */ = {isa = PBXFileReference; fileEncoding = 4; lastKnownFileType = sourcecode.c.objc; path = main.m; sourceTree = "<group>"; };
		794799FD130362DA0010388F /* BfoxRef.h */ = {isa = PBXFileReference; fileEncoding = 4; lastKnownFileType = sourcecode.c.h; path = BfoxRef.h; sourceTree = "<group>"; };
		794799FE130362DA0010388F /* BfoxRef.mm */ = {isa = PBXFileReference; fileEncoding = 4; lastKnownFileType = sourcecode.cpp.objcpp; path = BfoxRef.mm; sourceTree = "<group>"; };
		794799FF130362DA0010388F /* BfoxRefParser.h */ = {isa = PBXFileReference; fileEncoding = 4; lastKnownFileType = sourcecode.c.h; path = BfoxRefParser.h; sourceTree = "<group>"; };
		79479A00130362DA0010388F /* BfoxRefParser.mm */ = {isa = PBXFileReference; fileEncoding = 4; lastKnownFileType = sourcecode.cpp.objcpp; path = BfoxRefParser.mm; sourceTree = "<group>"; };
		79479A01130362DA0010388F /* BfoxRefParseResult.h */ = {isa = PBXFileReference; fileEncoding = 4; lastKnownFileType = sourcecode.c.h; path = BfoxRefParseResult.h; sourceTree = "<group>"; };
		79479A02130362DA0010388F /* BfoxRefParseResult.m */ = {isa = PBXFileReference; fileEncoding = 4; lastKnownFileType = sourcecode.c.objc; path = BfoxRefParseResult.m; sourceTree = "<group>"; };
		79479A03130362DA0010388F /* BfoxVerseList.h */ = {isa = PBXFileReference; fileEncoding = 4; lastKnownFileType = sourcecode.c.h; path = BfoxVerseList.h; sourceTree = "<group>"; };
		79479A04130362DA0010388F /* BfoxVerseList.mm */ = {isa = PBXFileReference; fileEncoding = 4; lastKnownFileType = sourcecode.cpp.objcpp; path = BfoxVerseList.mm; sourceTree = "<group>"; };
		79479A06130362DA0010388F /* bfox_bible_meta.h */ = {isa = PBXFileReference; fileEncoding = 4; lastKnownFileType = sourcecode.c.h; path = bfox_bible_meta.h; sourceTree = "<group>"; };
		79479A07130362DA0010388F /* bfox_book_meta.h */ = {isa = PBXFileReference; fileEncoding = 4; lastKnownFileType = sourcecode.c.h; path = bfox_book_meta.h; sourceTree = "<group>"; };
		79479A08130362DA0010388F /* bfox_range_list.cpp */ = {isa = PBXFileReference; fileEncoding = 4; lastKnownFileType = sourcecode.cpp.cpp; path = bfox_range_list.cpp; sourceTree = "<group>"; };
		79479A09130362DA0010388F /* bfox_range_list.h */ = {isa = PBXFileReference; fileEncoding = 4; lastKnownFileType = sourcecode.c.h; path = bfox_range_list.h; sourceTree = "<group>"; };
		79479A0A130362DA0010388F /* bfox_verse_list.cpp */ = {isa = PBXFileReference; fileEncoding = 4; lastKnownFileType = sourcecode.cpp.cpp; path = bfox_verse_list.cpp; sourceTree = "<group>"; };
		79479A0B130362DA0010388F /* bfox_verse_list.h */ = {isa = PBXFileReference; fileEncoding = 4; lastKnownFileType = sourcecode.c.h; path = bfox_verse_list.h; sourceTree = "<group>"; };
		79479A0D130362DA0010388F /* en */ = {isa = PBXFileReference; lastKnownFileType = text.plist.strings; name = en; path = en.lproj/BfoxBookNamesDefault.strings; sourceTree = "<group>"; };
		79479A0F130362DA0010388F /* en */ = {isa = PBXFileReference; lastKnownFileType = text.plist.strings; name = en; path = en.lproj/BfoxBookNamesShort.strings; sourceTree = "<group>"; };
		79479A11130362DA0010388F /* en */ = {isa = PBXFileReference; lastKnownFileType = text.plist.strings; name = en; path = en.lproj/BfoxBookRegexes.strings; sourceTree = "<group>"; };
		79479A13130362DA0010388F /* en */ = {isa = PBXFileReference; lastKnownFileType = text.plist.strings; name = en; path = en.lproj/BfoxBookSynonymLookup.strings; sourceTree = "<group>"; };
		79479A14130362DA0010388F /* NSString+BfoxRef.h */ = {isa = PBXFileReference; fileEncoding = 4; lastKnownFileType = sourcecode.c.h; path = "NSString+BfoxRef.h"; sourceTree = "<group>"; };
		79479A15130362DA0010388F /* NSString+BfoxRef.m */ = {isa = PBXFileReference; fileEncoding = 4; lastKnownFileType = sourcecode.c.objc; path = "NSString+BfoxRef.m"; sourceTree = "<group>"; };
		79479A17130362DA0010388F /* bible-meta.php */ = {isa = PBXFileReference; fileEncoding = 4; lastKnownFileType = text.script.php; path = "bible-meta.php"; sourceTree = "<group>"; };
		79479A18130362DA0010388F /* biblefox-ref.php */ = {isa = PBXFileReference; fileEncoding = 4; lastKnownFileType = text.script.php; path = "biblefox-ref.php"; sourceTree = "<group>"; };
		79479A19130362DA0010388F /* db-table.php */ = {isa = PBXFileReference; fileEncoding = 4; lastKnownFileType = text.script.php; path = "db-table.php"; sourceTree = "<group>"; };
		79479A1A130362DA0010388F /* parser.php */ = {isa = PBXFileReference; fileEncoding = 4; lastKnownFileType = text.script.php; path = parser.php; sourceTree = "<group>"; };
		79479A1B130362DA0010388F /* sequences.php */ = {isa = PBXFileReference; fileEncoding = 4; lastKnownFileType = text.script.php; path = sequences.php; sourceTree = "<group>"; };
		79479A1D130362DA0010388F /* create-book-meta.php */ = {isa = PBXFileReference; fileEncoding = 4; lastKnownFileType = text.script.php; path = "create-book-meta.php"; sourceTree = "<group>"; };
		79479A1E130362DA0010388F /* create-book-regexes.php */ = {isa = PBXFileReference; fileEncoding = 4; lastKnownFileType = text.script.php; path = "create-book-regexes.php"; sourceTree = "<group>"; };
		79479A1F130362DA0010388F /* create-synonym-lookup.php */ = {isa = PBXFileReference; fileEncoding = 4; lastKnownFileType = text.script.php; path = "create-synonym-lookup.php"; sourceTree = "<group>"; };
		79479A20130362DA0010388F /* meta.txt */ = {isa = PBXFileReference; fileEncoding = 4; lastKnownFileType = text; path = meta.txt; sourceTree = "<group>"; };
		79479A21130362DA0010388F /* verse.php */ = {isa = PBXFileReference; fileEncoding = 4; lastKnownFileType = text.script.php; path = verse.php; sourceTree = "<group>"; };
/* End PBXFileReference section */

/* Begin PBXFrameworksBuildPhase section */
		7947997B1303615F0010388F /* Frameworks */ = {
			isa = PBXFrameworksBuildPhase;
			buildActionMask = 2147483647;
			files = (
				794799831303615F0010388F /* UIKit.framework in Frameworks */,
				794799851303615F0010388F /* Foundation.framework in Frameworks */,
				794799871303615F0010388F /* CoreGraphics.framework in Frameworks */,
				794799891303615F0010388F /* CoreData.framework in Frameworks */,
			);
			runOnlyForDeploymentPostprocessing = 0;
		};
		794799A8130361600010388F /* Frameworks */ = {
			isa = PBXFrameworksBuildPhase;
			buildActionMask = 2147483647;
			files = (
				794799AD130361600010388F /* UIKit.framework in Frameworks */,
				794799AE130361600010388F /* Foundation.framework in Frameworks */,
				794799AF130361600010388F /* CoreGraphics.framework in Frameworks */,
				794799B0130361600010388F /* CoreData.framework in Frameworks */,
			);
			runOnlyForDeploymentPostprocessing = 0;
		};
/* End PBXFrameworksBuildPhase section */

/* Begin PBXGroup section */
		794799731303615F0010388F = {
			isa = PBXGroup;
			children = (
				794799FC130362DA0010388F /* BfoxRef */,
				794799CF130361EB0010388F /* Project */,
				794799B3130361600010388F /* BfoxRefTests */,
				794799811303615F0010388F /* Frameworks */,
				7947997F1303615F0010388F /* Products */,
			);
			sourceTree = "<group>";
		};
		7947997F1303615F0010388F /* Products */ = {
			isa = PBXGroup;
			children = (
				7947997E1303615F0010388F /* BfoxRef.app */,
				794799AC130361600010388F /* BfoxRefTests.octest */,
			);
			name = Products;
			sourceTree = "<group>";
		};
		794799811303615F0010388F /* Frameworks */ = {
			isa = PBXGroup;
			children = (
				794799821303615F0010388F /* UIKit.framework */,
				794799841303615F0010388F /* Foundation.framework */,
				794799861303615F0010388F /* CoreGraphics.framework */,
				794799881303615F0010388F /* CoreData.framework */,
			);
			name = Frameworks;
			sourceTree = "<group>";
		};
		794799B3130361600010388F /* BfoxRefTests */ = {
			isa = PBXGroup;
			children = (
				794799BA130361600010388F /* BfoxRefTests.h */,
				794799BC130361600010388F /* BfoxRefTests.m */,
				794799B4130361600010388F /* Supporting Files */,
			);
			path = BfoxRefTests;
			sourceTree = "<group>";
		};
		794799B4130361600010388F /* Supporting Files */ = {
			isa = PBXGroup;
			children = (
				794799B5130361600010388F /* BfoxRefTests-Info.plist */,
				794799B6130361600010388F /* InfoPlist.strings */,
				794799B9130361600010388F /* BfoxRefTests-Prefix.pch */,
			);
			name = "Supporting Files";
			sourceTree = "<group>";
		};
		794799CF130361EB0010388F /* Project */ = {
			isa = PBXGroup;
			children = (
				794799D0130361EB0010388F /* BfoxRef-Info.plist */,
				794799D1130361EB0010388F /* BfoxRef-Prefix.pch */,
				794799D2130361EB0010388F /* BfoxRef.xcdatamodeld */,
				794799D4130361EB0010388F /* BfoxRefAppDelegate.h */,
				794799D5130361EB0010388F /* BfoxRefAppDelegate.m */,
				794799D6130361EB0010388F /* InfoPlist.strings */,
				794799D8130361EB0010388F /* iPad */,
				794799DD130361EB0010388F /* iPhone */,
				794799E2130361EB0010388F /* main.m */,
			);
			path = Project;
			sourceTree = "<group>";
		};
		794799D8130361EB0010388F /* iPad */ = {
			isa = PBXGroup;
			children = (
				794799D9130361EB0010388F /* BfoxRefAppDelegate_iPad.h */,
				794799DA130361EB0010388F /* BfoxRefAppDelegate_iPad.m */,
				794799DB130361EB0010388F /* MainWindow_iPad.xib */,
			);
			path = iPad;
			sourceTree = "<group>";
		};
		794799DD130361EB0010388F /* iPhone */ = {
			isa = PBXGroup;
			children = (
				794799DE130361EB0010388F /* BfoxRefAppDelegate_iPhone.h */,
				794799DF130361EB0010388F /* BfoxRefAppDelegate_iPhone.m */,
				794799E0130361EB0010388F /* MainWindow_iPhone.xib */,
			);
			path = iPhone;
			sourceTree = "<group>";
		};
		794799FC130362DA0010388F /* BfoxRef */ = {
			isa = PBXGroup;
			children = (
				79479A05130362DA0010388F /* cpp */,
				79479A16130362DA0010388F /* php */,
				794799FD130362DA0010388F /* BfoxRef.h */,
				794799FE130362DA0010388F /* BfoxRef.mm */,
				79479A14130362DA0010388F /* NSString+BfoxRef.h */,
				79479A15130362DA0010388F /* NSString+BfoxRef.m */,
				794799FF130362DA0010388F /* BfoxRefParser.h */,
				79479A00130362DA0010388F /* BfoxRefParser.mm */,
				79479A01130362DA0010388F /* BfoxRefParseResult.h */,
				79479A02130362DA0010388F /* BfoxRefParseResult.m */,
				79479A03130362DA0010388F /* BfoxVerseList.h */,
				79479A04130362DA0010388F /* BfoxVerseList.mm */,
				79479A0C130362DA0010388F /* BfoxBookNamesDefault.strings */,
				79479A0E130362DA0010388F /* BfoxBookNamesShort.strings */,
				79479A10130362DA0010388F /* BfoxBookRegexes.strings */,
				79479A12130362DA0010388F /* BfoxBookSynonymLookup.strings */,
			);
			path = BfoxRef;
			sourceTree = "<group>";
		};
		79479A05130362DA0010388F /* cpp */ = {
			isa = PBXGroup;
			children = (
				79479A06130362DA0010388F /* bfox_bible_meta.h */,
				79479A07130362DA0010388F /* bfox_book_meta.h */,
				79479A08130362DA0010388F /* bfox_range_list.cpp */,
				79479A09130362DA0010388F /* bfox_range_list.h */,
				79479A0A130362DA0010388F /* bfox_verse_list.cpp */,
				79479A0B130362DA0010388F /* bfox_verse_list.h */,
			);
			path = cpp;
			sourceTree = "<group>";
		};
		79479A16130362DA0010388F /* php */ = {
			isa = PBXGroup;
			children = (
				79479A17130362DA0010388F /* bible-meta.php */,
				79479A18130362DA0010388F /* biblefox-ref.php */,
				79479A19130362DA0010388F /* db-table.php */,
				79479A1A130362DA0010388F /* parser.php */,
				79479A1B130362DA0010388F /* sequences.php */,
				79479A1C130362DA0010388F /* tools */,
				79479A21130362DA0010388F /* verse.php */,
			);
			path = php;
			sourceTree = "<group>";
		};
		79479A1C130362DA0010388F /* tools */ = {
			isa = PBXGroup;
			children = (
				79479A1D130362DA0010388F /* create-book-meta.php */,
				79479A1E130362DA0010388F /* create-book-regexes.php */,
				79479A1F130362DA0010388F /* create-synonym-lookup.php */,
				79479A20130362DA0010388F /* meta.txt */,
			);
			path = tools;
			sourceTree = "<group>";
		};
/* End PBXGroup section */

/* Begin PBXNativeTarget section */
		7947997D1303615F0010388F /* BfoxRef */ = {
			isa = PBXNativeTarget;
			buildConfigurationList = 794799C0130361600010388F /* Build configuration list for PBXNativeTarget "BfoxRef" */;
			buildPhases = (
				7947997A1303615F0010388F /* Sources */,
				7947997B1303615F0010388F /* Frameworks */,
				7947997C1303615F0010388F /* Resources */,
			);
			buildRules = (
			);
			dependencies = (
			);
			name = BfoxRef;
			productName = BfoxRef;
			productReference = 7947997E1303615F0010388F /* BfoxRef.app */;
			productType = "com.apple.product-type.application";
		};
		794799AB130361600010388F /* BfoxRefTests */ = {
			isa = PBXNativeTarget;
			buildConfigurationList = 794799C3130361600010388F /* Build configuration list for PBXNativeTarget "BfoxRefTests" */;
			buildPhases = (
				794799A7130361600010388F /* Sources */,
				794799A8130361600010388F /* Frameworks */,
				794799A9130361600010388F /* Resources */,
				794799AA130361600010388F /* ShellScript */,
			);
			buildRules = (
			);
			dependencies = (
				794799B2130361600010388F /* PBXTargetDependency */,
			);
			name = BfoxRefTests;
			productName = BfoxRefTests;
			productReference = 794799AC130361600010388F /* BfoxRefTests.octest */;
			productType = "com.apple.product-type.bundle";
		};
/* End PBXNativeTarget section */

/* Begin PBXProject section */
		794799751303615F0010388F /* Project object */ = {
			isa = PBXProject;
			buildConfigurationList = 794799781303615F0010388F /* Build configuration list for PBXProject "BfoxRef" */;
			compatibilityVersion = "Xcode 3.2";
			developmentRegion = English;
			hasScannedForEncodings = 0;
			knownRegions = (
				en,
			);
			mainGroup = 794799731303615F0010388F;
			productRefGroup = 7947997F1303615F0010388F /* Products */;
			projectDirPath = "";
			projectRoot = "";
			targets = (
				7947997D1303615F0010388F /* BfoxRef */,
				794799AB130361600010388F /* BfoxRefTests */,
			);
		};
/* End PBXProject section */

/* Begin PBXResourcesBuildPhase section */
		7947997C1303615F0010388F /* Resources */ = {
			isa = PBXResourcesBuildPhase;
			buildActionMask = 2147483647;
			files = (
				794799E6130361EB0010388F /* InfoPlist.strings in Resources */,
				794799E8130361EB0010388F /* MainWindow_iPad.xib in Resources */,
				794799EA130361EB0010388F /* MainWindow_iPhone.xib in Resources */,
				79479A28130362DA0010388F /* BfoxBookNamesDefault.strings in Resources */,
				79479A29130362DA0010388F /* BfoxBookNamesShort.strings in Resources */,
				79479A2A130362DA0010388F /* BfoxBookRegexes.strings in Resources */,
				79479A2B130362DA0010388F /* BfoxBookSynonymLookup.strings in Resources */,
				79479A2D130362DA0010388F /* bible-meta.php in Resources */,
				79479A2E130362DA0010388F /* biblefox-ref.php in Resources */,
				79479A2F130362DA0010388F /* db-table.php in Resources */,
				79479A30130362DA0010388F /* parser.php in Resources */,
				79479A31130362DA0010388F /* sequences.php in Resources */,
				79479A32130362DA0010388F /* create-book-meta.php in Resources */,
				79479A33130362DA0010388F /* create-book-regexes.php in Resources */,
				79479A34130362DA0010388F /* create-synonym-lookup.php in Resources */,
				79479A35130362DA0010388F /* meta.txt in Resources */,
				79479A36130362DA0010388F /* verse.php in Resources */,
			);
			runOnlyForDeploymentPostprocessing = 0;
		};
		794799A9130361600010388F /* Resources */ = {
			isa = PBXResourcesBuildPhase;
			buildActionMask = 2147483647;
			files = (
				794799B8130361600010388F /* InfoPlist.strings in Resources */,
				794799BB130361600010388F /* BfoxRefTests.h in Resources */,
			);
			runOnlyForDeploymentPostprocessing = 0;
		};
/* End PBXResourcesBuildPhase section */

/* Begin PBXShellScriptBuildPhase section */
		794799AA130361600010388F /* ShellScript */ = {
			isa = PBXShellScriptBuildPhase;
			buildActionMask = 2147483647;
			files = (
			);
			inputPaths = (
			);
			outputPaths = (
			);
			runOnlyForDeploymentPostprocessing = 0;
			shellPath = /bin/sh;
			shellScript = "# Run the unit tests in this test bundle.\n\"${SYSTEM_DEVELOPER_DIR}/Tools/RunUnitTests\"\n";
		};
/* End PBXShellScriptBuildPhase section */

/* Begin PBXSourcesBuildPhase section */
		7947997A1303615F0010388F /* Sources */ = {
			isa = PBXSourcesBuildPhase;
			buildActionMask = 2147483647;
			files = (
				794799E4130361EB0010388F /* BfoxRef.xcdatamodeld in Sources */,
				794799E5130361EB0010388F /* BfoxRefAppDelegate.m in Sources */,
				794799E7130361EB0010388F /* BfoxRefAppDelegate_iPad.m in Sources */,
				794799E9130361EB0010388F /* BfoxRefAppDelegate_iPhone.m in Sources */,
				794799EB130361EB0010388F /* main.m in Sources */,
				79479A22130362DA0010388F /* BfoxRef.mm in Sources */,
				79479A23130362DA0010388F /* BfoxRefParser.mm in Sources */,
				79479A24130362DA0010388F /* BfoxRefParseResult.m in Sources */,
				79479A25130362DA0010388F /* BfoxVerseList.mm in Sources */,
				79479A26130362DA0010388F /* bfox_range_list.cpp in Sources */,
				79479A27130362DA0010388F /* bfox_verse_list.cpp in Sources */,
				79479A2C130362DA0010388F /* NSString+BfoxRef.m in Sources */,
			);
			runOnlyForDeploymentPostprocessing = 0;
		};
		794799A7130361600010388F /* Sources */ = {
			isa = PBXSourcesBuildPhase;
			buildActionMask = 2147483647;
			files = (
				794799BD130361600010388F /* BfoxRefTests.m in Sources */,
			);
			runOnlyForDeploymentPostprocessing = 0;
		};
/* End PBXSourcesBuildPhase section */

/* Begin PBXTargetDependency section */
		794799B2130361600010388F /* PBXTargetDependency */ = {
			isa = PBXTargetDependency;
			target = 7947997D1303615F0010388F /* BfoxRef */;
			targetProxy = 794799B1130361600010388F /* PBXContainerItemProxy */;
		};
/* End PBXTargetDependency section */

/* Begin PBXVariantGroup section */
		794799B6130361600010388F /* InfoPlist.strings */ = {
			isa = PBXVariantGroup;
			children = (
				794799B7130361600010388F /* en */,
			);
			name = InfoPlist.strings;
			sourceTree = "<group>";
		};
		794799D6130361EB0010388F /* InfoPlist.strings */ = {
			isa = PBXVariantGroup;
			children = (
				794799D7130361EB0010388F /* en */,
			);
			name = InfoPlist.strings;
			sourceTree = "<group>";
		};
		794799DB130361EB0010388F /* MainWindow_iPad.xib */ = {
			isa = PBXVariantGroup;
			children = (
				794799DC130361EB0010388F /* en */,
			);
			name = MainWindow_iPad.xib;
			sourceTree = "<group>";
		};
		794799E0130361EB0010388F /* MainWindow_iPhone.xib */ = {
			isa = PBXVariantGroup;
			children = (
				794799E1130361EB0010388F /* en */,
			);
			name = MainWindow_iPhone.xib;
			sourceTree = "<group>";
		};
		79479A0C130362DA0010388F /* BfoxBookNamesDefault.strings */ = {
			isa = PBXVariantGroup;
			children = (
				79479A0D130362DA0010388F /* en */,
			);
			name = BfoxBookNamesDefault.strings;
			sourceTree = "<group>";
		};
		79479A0E130362DA0010388F /* BfoxBookNamesShort.strings */ = {
			isa = PBXVariantGroup;
			children = (
				79479A0F130362DA0010388F /* en */,
			);
			name = BfoxBookNamesShort.strings;
			sourceTree = "<group>";
		};
		79479A10130362DA0010388F /* BfoxBookRegexes.strings */ = {
			isa = PBXVariantGroup;
			children = (
				79479A11130362DA0010388F /* en */,
			);
			name = BfoxBookRegexes.strings;
			sourceTree = "<group>";
		};
		79479A12130362DA0010388F /* BfoxBookSynonymLookup.strings */ = {
			isa = PBXVariantGroup;
			children = (
				79479A13130362DA0010388F /* en */,
			);
			name = BfoxBookSynonymLookup.strings;
			sourceTree = "<group>";
		};
/* End PBXVariantGroup section */

/* Begin XCBuildConfiguration section */
		794799BE130361600010388F /* Debug */ = {
			isa = XCBuildConfiguration;
			buildSettings = {
				ARCHS = "$(ARCHS_STANDARD_32_BIT)";
				"CODE_SIGN_IDENTITY[sdk=iphoneos*]" = "iPhone Developer";
				GCC_C_LANGUAGE_STANDARD = gnu99;
				GCC_OPTIMIZATION_LEVEL = 0;
				GCC_PREPROCESSOR_DEFINITIONS = DEBUG;
				GCC_VERSION = com.apple.compilers.llvmgcc42;
				GCC_WARN_ABOUT_RETURN_TYPE = YES;
				GCC_WARN_UNUSED_VARIABLE = YES;
				IPHONEOS_DEPLOYMENT_TARGET = 4.2;
				SDKROOT = iphoneos;
				TARGETED_DEVICE_FAMILY = "1,2";
			};
			name = Debug;
		};
		794799BF130361600010388F /* Release */ = {
			isa = XCBuildConfiguration;
			buildSettings = {
				ARCHS = "$(ARCHS_STANDARD_32_BIT)";
				"CODE_SIGN_IDENTITY[sdk=iphoneos*]" = "iPhone Developer";
				GCC_C_LANGUAGE_STANDARD = gnu99;
				GCC_VERSION = com.apple.compilers.llvmgcc42;
				GCC_WARN_ABOUT_RETURN_TYPE = YES;
				GCC_WARN_UNUSED_VARIABLE = YES;
				IPHONEOS_DEPLOYMENT_TARGET = 4.2;
				OTHER_CFLAGS = "-DNS_BLOCK_ASSERTIONS=1";
				SDKROOT = iphoneos;
				TARGETED_DEVICE_FAMILY = "1,2";
			};
			name = Release;
		};
		794799C1130361600010388F /* Debug */ = {
			isa = XCBuildConfiguration;
			buildSettings = {
				ALWAYS_SEARCH_USER_PATHS = NO;
				COPY_PHASE_STRIP = NO;
				GCC_DYNAMIC_NO_PIC = NO;
				GCC_PRECOMPILE_PREFIX_HEADER = YES;
				GCC_PREFIX_HEADER = "Project/BfoxRef-Prefix.pch";
				INFOPLIST_FILE = "Project/BfoxRef-Info.plist";
				INSTALL_PATH = "$(LOCAL_APPS_DIR)";
				PRODUCT_NAME = "$(TARGET_NAME)";
				WRAPPER_EXTENSION = app;
			};
			name = Debug;
		};
		794799C2130361600010388F /* Release */ = {
			isa = XCBuildConfiguration;
			buildSettings = {
				ALWAYS_SEARCH_USER_PATHS = NO;
				COPY_PHASE_STRIP = YES;
				GCC_PRECOMPILE_PREFIX_HEADER = YES;
				GCC_PREFIX_HEADER = "Project/BfoxRef-Prefix.pch";
				INFOPLIST_FILE = "Project/BfoxRef-Info.plist";
				INSTALL_PATH = "$(LOCAL_APPS_DIR)";
				PRODUCT_NAME = "$(TARGET_NAME)";
				VALIDATE_PRODUCT = YES;
				WRAPPER_EXTENSION = app;
			};
			name = Release;
		};
		794799C4130361600010388F /* Debug */ = {
			isa = XCBuildConfiguration;
			buildSettings = {
				ALWAYS_SEARCH_USER_PATHS = NO;
				BUNDLE_LOADER = "$(BUILT_PRODUCTS_DIR)/BfoxRef.app/BfoxRef";
				FRAMEWORK_SEARCH_PATHS = (
					"$(SDKROOT)/Developer/Library/Frameworks",
					"$(DEVELOPER_LIBRARY_DIR)/Frameworks",
				);
				GCC_PRECOMPILE_PREFIX_HEADER = YES;
				GCC_PREFIX_HEADER = "BfoxRefTests/BfoxRefTests-Prefix.pch";
				INFOPLIST_FILE = "BfoxRefTests/BfoxRefTests-Info.plist";
				OTHER_LDFLAGS = (
					"-framework",
					SenTestingKit,
				);
				PRODUCT_NAME = "$(TARGET_NAME)";
				TEST_HOST = "$(BUNDLE_LOADER)";
				WRAPPER_EXTENSION = octest;
			};
			name = Debug;
		};
		794799C5130361600010388F /* Release */ = {
			isa = XCBuildConfiguration;
			buildSettings = {
				ALWAYS_SEARCH_USER_PATHS = NO;
				BUNDLE_LOADER = "$(BUILT_PRODUCTS_DIR)/BfoxRef.app/BfoxRef";
				FRAMEWORK_SEARCH_PATHS = (
					"$(SDKROOT)/Developer/Library/Frameworks",
					"$(DEVELOPER_LIBRARY_DIR)/Frameworks",
				);
				GCC_PRECOMPILE_PREFIX_HEADER = YES;
				GCC_PREFIX_HEADER = "BfoxRefTests/BfoxRefTests-Prefix.pch";
				INFOPLIST_FILE = "BfoxRefTests/BfoxRefTests-Info.plist";
				OTHER_LDFLAGS = (
					"-framework",
					SenTestingKit,
				);
				PRODUCT_NAME = "$(TARGET_NAME)";
				TEST_HOST = "$(BUNDLE_LOADER)";
				WRAPPER_EXTENSION = octest;
			};
			name = Release;
		};
/* End XCBuildConfiguration section */

/* Begin XCConfigurationList section */
		794799781303615F0010388F /* Build configuration list for PBXProject "BfoxRef" */ = {
			isa = XCConfigurationList;
			buildConfigurations = (
				794799BE130361600010388F /* Debug */,
				794799BF130361600010388F /* Release */,
			);
			defaultConfigurationIsVisible = 0;
			defaultConfigurationName = Release;
		};
		794799C0130361600010388F /* Build configuration list for PBXNativeTarget "BfoxRef" */ = {
			isa = XCConfigurationList;
			buildConfigurations = (
				794799C1130361600010388F /* Debug */,
				794799C2130361600010388F /* Release */,
			);
			defaultConfigurationIsVisible = 0;
			defaultConfigurationName = Release;
		};
		794799C3130361600010388F /* Build configuration list for PBXNativeTarget "BfoxRefTests" */ = {
			isa = XCConfigurationList;
			buildConfigurations = (
				794799C4130361600010388F /* Debug */,
				794799C5130361600010388F /* Release */,
			);
			defaultConfigurationIsVisible = 0;
			defaultConfigurationName = Release;
		};
/* End XCConfigurationList section */

/* Begin XCVersionGroup section */
		794799D2130361EB0010388F /* BfoxRef.xcdatamodeld */ = {
			isa = XCVersionGroup;
			children = (
				794799D3130361EB0010388F /* BfoxRef.xcdatamodel */,
			);
			currentVersion = 794799D3130361EB0010388F /* BfoxRef.xcdatamodel */;
			path = BfoxRef.xcdatamodeld;
			sourceTree = "<group>";
			versionGroupType = wrapper.xcdatamodel;
		};
/* End XCVersionGroup section */
	};
	rootObject = 794799751303615F0010388F /* Project object */;
}
